
Microsoft Visual Studio Solution File, Format Version 12.00
# Visual Studio Version 17
VisualStudioVersion = 17.6.33815.320
MinimumVisualStudioVersion = 10.0.40219.1
Project("{FAE04EC0-301F-11D3-BF4B-00C04F79EFBC}") = "PizzaApp", "PizzaApp.csproj", "{A9B2EEA2-2ADF-466D-94CD-D8176B6EEBF8}"
EndProject
Global
	GlobalSection(SolutionConfigurationPlatforms) = preSolution
		Debug|Any CPU = Debug|Any CPU
		Release|Any CPU = Release|Any CPU
	EndGlobalSection
	GlobalSection(ProjectConfigurationPlatforms) = postSolution
		{A9B2EEA2-2ADF-466D-94CD-D8176B6EEBF8}.Debug|Any CPU.ActiveCfg = Debug|Any CPU
		{A9B2EEA2-2ADF-466D-94CD-D8176B6EEBF8}.Debug|Any CPU.Build.0 = Debug|Any CPU
		{A9B2EEA2-2ADF-466D-94CD-D8176B6EEBF8}.Release|Any CPU.ActiveCfg = Release|Any CPU
		{A9B2EEA2-2ADF-466D-94CD-D8176B6EEBF8}.Release|Any CPU.Build.0 = Release|Any CPU
	EndGlobalSection
	GlobalSection(SolutionProperties) = preSolution
		HideSolutionNode = FALSE
	EndGlobalSection
	GlobalSection(ExtensibilityGlobals) = postSolution
		SolutionGuid = {E010B05A-30AC-4026-9D75-13E37CCDF0EE}
	EndGlobalSection
EndGlobal
